
Microsoft Visual Studio Solution File, Format Version 12.00
# Visual Studio Version 17
VisualStudioVersion = 17.1.32421.90
MinimumVisualStudioVersion = 10.0.40219.1
Project("{FAE04EC0-301F-11D3-BF4B-00C04F79EFBC}") = "CoffeeShopregistrationLab", "CoffeeShopregistrationLab\CoffeeShopregistrationLab.csproj", "{DBECC922-BB51-4F18-9E65-E0830BF2D663}"
EndProject
Global
	GlobalSection(SolutionConfigurationPlatforms) = preSolution
		Debug|Any CPU = Debug|Any CPU
		Release|Any CPU = Release|Any CPU
	EndGlobalSection
	GlobalSection(ProjectConfigurationPlatforms) = postSolution
		{DBECC922-BB51-4F18-9E65-E0830BF2D663}.Debug|Any CPU.ActiveCfg = Debug|Any CPU
		{DBECC922-BB51-4F18-9E65-E0830BF2D663}.Debug|Any CPU.Build.0 = Debug|Any CPU
		{DBECC922-BB51-4F18-9E65-E0830BF2D663}.Release|Any CPU.ActiveCfg = Release|Any CPU
		{DBECC922-BB51-4F18-9E65-E0830BF2D663}.Release|Any CPU.Build.0 = Release|Any CPU
	EndGlobalSection
	GlobalSection(SolutionProperties) = preSolution
		HideSolutionNode = FALSE
	EndGlobalSection
	GlobalSection(ExtensibilityGlobals) = postSolution
		SolutionGuid = {B86697D7-711F-4A47-881B-CF4319A9DA8B}
	EndGlobalSection
EndGlobal
